{
  "name": "distribution_visualization",
  "lockfileVersion": 3,
  "requires": true,
  "packages": {
    "": {
      "dependencies": {
        "planck": "1.0.6",
        "three": "^0.184.0"
      }
    },
    "node_modules/planck": {
      "version": "1.0.6",
      "resolved": "https://registry.npmjs.org/planck/-/planck-1.0.6.tgz",
      "integrity": "sha512-93ELj8oSCaF+YOWhAbIgFh6wGf2Jw23Zogs8Q2ZI8VJoEICL5vZNXFUUeASy46a0DE4ixFuVI5/s1CIkGSw1aA==",
      "license": "MIT",
      "engines": {
        "node": ">=14.0"
      },
      "peerDependencies": {
        "stage-js": "^1.0.0-alpha.5"
      }
    },
    "node_modules/stage-js": {
      "version": "1.0.1",
      "resolved": "https://registry.npmjs.org/stage-js/-/stage-js-1.0.1.tgz",
      "integrity": "sha512-cz14aPp/wY0s3bkb/B93BPP5ZAEhgBbRmAT3CCDqert8eCAqIpQ0RB2zpK8Ksxf+Pisl5oTzvPHtL4CVzzeHcw==",
      "license": "MIT",
      "peer": true,
      "engines": {
        "node": ">=18.0"
      }
    },
    "node_modules/three": {
      "version": "0.184.0",
      "resolved": "https://registry.npmjs.org/three/-/three-0.184.0.tgz",
      "integrity": "sha512-wtTRjG92pM5eUg/KuUnHsqSAlPM296brTOcLgMRqEeylYTh/CdtvKUvCyyCQTzFuStieWxvZb8mVTMvdPyUpxg==",
      "license": "MIT"
    }
  }
}
